
Microsoft Visual Studio Solution File, Format Version 11.00
# Visual Studio 2010
Project("{FAE04EC0-301F-11D3-BF4B-00C04F79EFBC}") = "mt-speed", "mt-speed\mt-speed.csproj", "{EB0B151E-B02D-4CA6-8BE8-EDAD10BDEB38}"
EndProject
Global
	GlobalSection(SolutionConfigurationPlatforms) = preSolution
		Debug|iPhoneSimulator = Debug|iPhoneSimulator
		Release|iPhoneSimulator = Release|iPhoneSimulator
		Debug|iPhone = Debug|iPhone
		Release|iPhone = Release|iPhone
		Ad-Hoc|iPhone = Ad-Hoc|iPhone
		AppStore|iPhone = AppStore|iPhone
	EndGlobalSection
	GlobalSection(ProjectConfigurationPlatforms) = postSolution
		{EB0B151E-B02D-4CA6-8BE8-EDAD10BDEB38}.Ad-Hoc|iPhone.ActiveCfg = Ad-Hoc|iPhone
		{EB0B151E-B02D-4CA6-8BE8-EDAD10BDEB38}.Ad-Hoc|iPhone.Build.0 = Ad-Hoc|iPhone
		{EB0B151E-B02D-4CA6-8BE8-EDAD10BDEB38}.AppStore|iPhone.ActiveCfg = AppStore|iPhone
		{EB0B151E-B02D-4CA6-8BE8-EDAD10BDEB38}.AppStore|iPhone.Build.0 = AppStore|iPhone
		{EB0B151E-B02D-4CA6-8BE8-EDAD10BDEB38}.Debug|iPhone.ActiveCfg = Debug|iPhone
		{EB0B151E-B02D-4CA6-8BE8-EDAD10BDEB38}.Debug|iPhone.Build.0 = Debug|iPhone
		{EB0B151E-B02D-4CA6-8BE8-EDAD10BDEB38}.Debug|iPhoneSimulator.ActiveCfg = Debug|iPhoneSimulator
		{EB0B151E-B02D-4CA6-8BE8-EDAD10BDEB38}.Debug|iPhoneSimulator.Build.0 = Debug|iPhoneSimulator
		{EB0B151E-B02D-4CA6-8BE8-EDAD10BDEB38}.Release|iPhone.ActiveCfg = Release|iPhone
		{EB0B151E-B02D-4CA6-8BE8-EDAD10BDEB38}.Release|iPhone.Build.0 = Release|iPhone
		{EB0B151E-B02D-4CA6-8BE8-EDAD10BDEB38}.Release|iPhoneSimulator.ActiveCfg = Release|iPhoneSimulator
		{EB0B151E-B02D-4CA6-8BE8-EDAD10BDEB38}.Release|iPhoneSimulator.Build.0 = Release|iPhoneSimulator
	EndGlobalSection
	GlobalSection(MonoDevelopProperties) = preSolution
		StartupItem = mt-speed\mt-speed.csproj
	EndGlobalSection
EndGlobal
